
Microsoft Visual Studio Solution File, Format Version 12.00
# Visual Studio 15
VisualStudioVersion = 15.0.27703.2018
MinimumVisualStudioVersion = 10.0.40219.1
Project("{FAE04EC0-301F-11D3-BF4B-00C04F79EFBC}") = "DB_Script", "DB_Script\DB_Script.csproj", "{2AA46D5B-FD2B-4CD3-8818-0569A40B3696}"
EndProject
Project("{FAE04EC0-301F-11D3-BF4B-00C04F79EFBC}") = "Utility", "Utility\Utility.csproj", "{29A76274-A7A6-4223-AEEC-CAFC3A6D2725}"
EndProject
Project("{FAE04EC0-301F-11D3-BF4B-00C04F79EFBC}") = "Data_Access_Layer", "Data_Access_Layer\Data_Access_Layer.csproj", "{6F892DA8-8EE4-4396-B680-1617502935A2}"
EndProject
Project("{FAE04EC0-301F-11D3-BF4B-00C04F79EFBC}") = "Object_Layer", "Object_Layer\Object_Layer.csproj", "{FDC24B27-F48F-4B3E-87C4-87C2F0800615}"
EndProject
Project("{FAE04EC0-301F-11D3-BF4B-00C04F79EFBC}") = "WebApplication", "WebApplication\WebApplication.csproj", "{53295491-584D-4C95-ADB6-95AE68693D71}"
EndProject
Project("{FAE04EC0-301F-11D3-BF4B-00C04F79EFBC}") = "UnitTestProject", "UnitTestProject\UnitTestProject.csproj", "{B2EF9A7D-8910-4AD4-807A-39BC62055034}"
EndProject
Project("{FAE04EC0-301F-11D3-BF4B-00C04F79EFBC}") = "Log_Layer", "Log_Layer\Log_Layer.csproj", "{28346BE3-223F-41DA-BDAB-9F8C9A5E933D}"
EndProject
Project("{FAE04EC0-301F-11D3-BF4B-00C04F79EFBC}") = "AdminPanel", "AdminPanel\AdminPanel.csproj", "{21A50C8E-781B-440C-91DE-704177E665AC}"
EndProject
Global
	GlobalSection(SolutionConfigurationPlatforms) = preSolution
		Debug|Any CPU = Debug|Any CPU
		Release|Any CPU = Release|Any CPU
	EndGlobalSection
	GlobalSection(ProjectConfigurationPlatforms) = postSolution
		{2AA46D5B-FD2B-4CD3-8818-0569A40B3696}.Debug|Any CPU.ActiveCfg = Debug|Any CPU
		{2AA46D5B-FD2B-4CD3-8818-0569A40B3696}.Debug|Any CPU.Build.0 = Debug|Any CPU
		{2AA46D5B-FD2B-4CD3-8818-0569A40B3696}.Release|Any CPU.ActiveCfg = Release|Any CPU
		{2AA46D5B-FD2B-4CD3-8818-0569A40B3696}.Release|Any CPU.Build.0 = Release|Any CPU
		{29A76274-A7A6-4223-AEEC-CAFC3A6D2725}.Debug|Any CPU.ActiveCfg = Debug|Any CPU
		{29A76274-A7A6-4223-AEEC-CAFC3A6D2725}.Debug|Any CPU.Build.0 = Debug|Any CPU
		{29A76274-A7A6-4223-AEEC-CAFC3A6D2725}.Release|Any CPU.ActiveCfg = Release|Any CPU
		{29A76274-A7A6-4223-AEEC-CAFC3A6D2725}.Release|Any CPU.Build.0 = Release|Any CPU
		{6F892DA8-8EE4-4396-B680-1617502935A2}.Debug|Any CPU.ActiveCfg = Debug|Any CPU
		{6F892DA8-8EE4-4396-B680-1617502935A2}.Debug|Any CPU.Build.0 = Debug|Any CPU
		{6F892DA8-8EE4-4396-B680-1617502935A2}.Release|Any CPU.ActiveCfg = Release|Any CPU
		{6F892DA8-8EE4-4396-B680-1617502935A2}.Release|Any CPU.Build.0 = Release|Any CPU
		{FDC24B27-F48F-4B3E-87C4-87C2F0800615}.Debug|Any CPU.ActiveCfg = Debug|Any CPU
		{FDC24B27-F48F-4B3E-87C4-87C2F0800615}.Debug|Any CPU.Build.0 = Debug|Any CPU
		{FDC24B27-F48F-4B3E-87C4-87C2F0800615}.Release|Any CPU.ActiveCfg = Release|Any CPU
		{FDC24B27-F48F-4B3E-87C4-87C2F0800615}.Release|Any CPU.Build.0 = Release|Any CPU
		{53295491-584D-4C95-ADB6-95AE68693D71}.Debug|Any CPU.ActiveCfg = Debug|Any CPU
		{53295491-584D-4C95-ADB6-95AE68693D71}.Debug|Any CPU.Build.0 = Debug|Any CPU
		{53295491-584D-4C95-ADB6-95AE68693D71}.Release|Any CPU.ActiveCfg = Release|Any CPU
		{53295491-584D-4C95-ADB6-95AE68693D71}.Release|Any CPU.Build.0 = Release|Any CPU
		{B2EF9A7D-8910-4AD4-807A-39BC62055034}.Debug|Any CPU.ActiveCfg = Debug|Any CPU
		{B2EF9A7D-8910-4AD4-807A-39BC62055034}.Debug|Any CPU.Build.0 = Debug|Any CPU
		{B2EF9A7D-8910-4AD4-807A-39BC62055034}.Release|Any CPU.ActiveCfg = Release|Any CPU
		{B2EF9A7D-8910-4AD4-807A-39BC62055034}.Release|Any CPU.Build.0 = Release|Any CPU
		{28346BE3-223F-41DA-BDAB-9F8C9A5E933D}.Debug|Any CPU.ActiveCfg = Debug|Any CPU
		{28346BE3-223F-41DA-BDAB-9F8C9A5E933D}.Debug|Any CPU.Build.0 = Debug|Any CPU
		{28346BE3-223F-41DA-BDAB-9F8C9A5E933D}.Release|Any CPU.ActiveCfg = Release|Any CPU
		{28346BE3-223F-41DA-BDAB-9F8C9A5E933D}.Release|Any CPU.Build.0 = Release|Any CPU
		{21A50C8E-781B-440C-91DE-704177E665AC}.Debug|Any CPU.ActiveCfg = Debug|Any CPU
		{21A50C8E-781B-440C-91DE-704177E665AC}.Debug|Any CPU.Build.0 = Debug|Any CPU
		{21A50C8E-781B-440C-91DE-704177E665AC}.Release|Any CPU.ActiveCfg = Release|Any CPU
		{21A50C8E-781B-440C-91DE-704177E665AC}.Release|Any CPU.Build.0 = Release|Any CPU
	EndGlobalSection
	GlobalSection(SolutionProperties) = preSolution
		HideSolutionNode = FALSE
	EndGlobalSection
	GlobalSection(ExtensibilityGlobals) = postSolution
		SolutionGuid = {49AAA553-CDD2-4A78-B34F-05ADDD5C1A7D}
	EndGlobalSection
EndGlobal
